
Microsoft Visual Studio Solution File, Format Version 12.00
# Visual Studio Version 17
VisualStudioVersion = 17.6.33723.286
MinimumVisualStudioVersion = 10.0.40219.1
Project("{FAE04EC0-301F-11D3-BF4B-00C04F79EFBC}") = "Tema1", "Tema1\Tema1.csproj", "{F45CA675-097B-453C-8352-785966F69FEB}"
EndProject
Global
	GlobalSection(SolutionConfigurationPlatforms) = preSolution
		Debug|Any CPU = Debug|Any CPU
		Release|Any CPU = Release|Any CPU
	EndGlobalSection
	GlobalSection(ProjectConfigurationPlatforms) = postSolution
		{F45CA675-097B-453C-8352-785966F69FEB}.Debug|Any CPU.ActiveCfg = Debug|Any CPU
		{F45CA675-097B-453C-8352-785966F69FEB}.Debug|Any CPU.Build.0 = Debug|Any CPU
		{F45CA675-097B-453C-8352-785966F69FEB}.Release|Any CPU.ActiveCfg = Release|Any CPU
		{F45CA675-097B-453C-8352-785966F69FEB}.Release|Any CPU.Build.0 = Release|Any CPU
	EndGlobalSection
	GlobalSection(SolutionProperties) = preSolution
		HideSolutionNode = FALSE
	EndGlobalSection
	GlobalSection(ExtensibilityGlobals) = postSolution
		SolutionGuid = {D9F9414D-C654-4802-BE87-D065EC5906D0}
	EndGlobalSection
EndGlobal
